
Microsoft Visual Studio Solution File, Format Version 12.00
# Visual Studio Version 17
VisualStudioVersion = 17.3.32929.385
MinimumVisualStudioVersion = 10.0.40219.1
Project("{FAE04EC0-301F-11D3-BF4B-00C04F79EFBC}") = "Assembly-CSharp", "Assembly-CSharp.csproj", "{BE8C69FA-0104-3538-CB66-AF3725263158}"
EndProject
Global
	GlobalSection(SolutionConfigurationPlatforms) = preSolution
		Debug|Any CPU = Debug|Any CPU
		Release|Any CPU = Release|Any CPU
	EndGlobalSection
	GlobalSection(ProjectConfigurationPlatforms) = postSolution
		{BE8C69FA-0104-3538-CB66-AF3725263158}.Debug|Any CPU.ActiveCfg = Debug|Any CPU
		{BE8C69FA-0104-3538-CB66-AF3725263158}.Debug|Any CPU.Build.0 = Debug|Any CPU
		{BE8C69FA-0104-3538-CB66-AF3725263158}.Release|Any CPU.ActiveCfg = Release|Any CPU
		{BE8C69FA-0104-3538-CB66-AF3725263158}.Release|Any CPU.Build.0 = Release|Any CPU
	EndGlobalSection
	GlobalSection(SolutionProperties) = preSolution
		HideSolutionNode = FALSE
	EndGlobalSection
	GlobalSection(ExtensibilityGlobals) = postSolution
		SolutionGuid = {A7AB53D1-B630-4758-A968-FFF97E6790BA}
	EndGlobalSection
EndGlobal
